
Microsoft Visual Studio Solution File, Format Version 12.00
# Visual Studio Version 17
VisualStudioVersion = 17.7.34031.279
MinimumVisualStudioVersion = 10.0.40219.1
Project("{FAE04EC0-301F-11D3-BF4B-00C04F79EFBC}") = "hafta2_odev", "hafta2_odev\hafta2_odev.csproj", "{641AF799-438A-49A1-9D44-B55F5E5FA818}"
EndProject
Global
	GlobalSection(SolutionConfigurationPlatforms) = preSolution
		Debug|Any CPU = Debug|Any CPU
		Release|Any CPU = Release|Any CPU
	EndGlobalSection
	GlobalSection(ProjectConfigurationPlatforms) = postSolution
		{641AF799-438A-49A1-9D44-B55F5E5FA818}.Debug|Any CPU.ActiveCfg = Debug|Any CPU
		{641AF799-438A-49A1-9D44-B55F5E5FA818}.Debug|Any CPU.Build.0 = Debug|Any CPU
		{641AF799-438A-49A1-9D44-B55F5E5FA818}.Release|Any CPU.ActiveCfg = Release|Any CPU
		{641AF799-438A-49A1-9D44-B55F5E5FA818}.Release|Any CPU.Build.0 = Release|Any CPU
	EndGlobalSection
	GlobalSection(SolutionProperties) = preSolution
		HideSolutionNode = FALSE
	EndGlobalSection
	GlobalSection(ExtensibilityGlobals) = postSolution
		SolutionGuid = {8193EB92-9214-4F6D-964E-0E4A9590C3F1}
	EndGlobalSection
EndGlobal
